// !$*UTF8*$!
{
	archiveVersion = 1;
	classes = {
	};
	objectVersion = 51;
	objects = {

/* Begin PBXBuildFile section */
		9101960126A775780079A4A8 /* Launch Screen.storyboard in Resources */ = {isa = PBXBuildFile; fileRef = 9101960026A775780079A4A8 /* Launch Screen.storyboard */; };
		910FE18026A770E20043A099 /* HomeView.xib in Resources */ = {isa = PBXBuildFile; fileRef = 910FE17F26A770E20043A099 /* HomeView.xib */; };
		913BA80C26D6C5CB009E6C09 /* RepositoryProtocol.swift in Sources */ = {isa = PBXBuildFile; fileRef = 913BA80B26D6C5CB009E6C09 /* RepositoryProtocol.swift */; };
		913BA80E26D6C5DE009E6C09 /* Repository.swift in Sources */ = {isa = PBXBuildFile; fileRef = 913BA80D26D6C5DE009E6C09 /* Repository.swift */; };
		913BA81026D6C6BA009E6C09 /* RepositoryAssembly.swift in Sources */ = {isa = PBXBuildFile; fileRef = 913BA80F26D6C6BA009E6C09 /* RepositoryAssembly.swift */; };
		9169FF6E26B059210024C6B4 /* ViewExtensions.swift in Sources */ = {isa = PBXBuildFile; fileRef = 9169FF6D26B059210024C6B4 /* ViewExtensions.swift */; };
		916BBE6E26E90DE1004629AA /* GuidGeneratorProtocol.swift in Sources */ = {isa = PBXBuildFile; fileRef = 916BBE6D26E90DE1004629AA /* GuidGeneratorProtocol.swift */; };
		916BBE7026E90E24004629AA /* GuidGenerator.swift in Sources */ = {isa = PBXBuildFile; fileRef = 916BBE6F26E90E24004629AA /* GuidGenerator.swift */; };
		916BBE7226E91DE4004629AA /* InvoiceServiceProtocol.swift in Sources */ = {isa = PBXBuildFile; fileRef = 916BBE7126E91DE4004629AA /* InvoiceServiceProtocol.swift */; };
		916BBE7426E91E09004629AA /* InvoiceService.swift in Sources */ = {isa = PBXBuildFile; fileRef = 916BBE7326E91E09004629AA /* InvoiceService.swift */; };
		917760C126AD81F200DA200E /* TimesheetView.xib in Resources */ = {isa = PBXBuildFile; fileRef = 917760C026AD81F200DA200E /* TimesheetView.xib */; };
		9184EF7526AB0722005B4988 /* Coordinator.swift in Sources */ = {isa = PBXBuildFile; fileRef = 9184EF7426AB0722005B4988 /* Coordinator.swift */; };
		9184EF7826AB1AFC005B4988 /* Inject.swift in Sources */ = {isa = PBXBuildFile; fileRef = 9184EF7726AB1AFC005B4988 /* Inject.swift */; };
		9184EF7A26AB1B31005B4988 /* DIContainer.swift in Sources */ = {isa = PBXBuildFile; fileRef = 9184EF7926AB1B31005B4988 /* DIContainer.swift */; };
		9184EF7C26AB1B4B005B4988 /* DIObject.swift in Sources */ = {isa = PBXBuildFile; fileRef = 9184EF7B26AB1B4B005B4988 /* DIObject.swift */; };
		9184EF7E26AB1B70005B4988 /* DIComponentContext.swift in Sources */ = {isa = PBXBuildFile; fileRef = 9184EF7D26AB1B70005B4988 /* DIComponentContext.swift */; };
		9184EF8026AB1BA7005B4988 /* DIComponentManager.swift in Sources */ = {isa = PBXBuildFile; fileRef = 9184EF7F26AB1BA7005B4988 /* DIComponentManager.swift */; };
		9184EF8226AB1BC4005B4988 /* Resolver.swift in Sources */ = {isa = PBXBuildFile; fileRef = 9184EF8126AB1BC4005B4988 /* Resolver.swift */; };
		9184EF8526AB1BF6005B4988 /* SwiftDI.swift in Sources */ = {isa = PBXBuildFile; fileRef = 9184EF8426AB1BF6005B4988 /* SwiftDI.swift */; };
		9184EF8726AB1C20005B4988 /* Utils.swift in Sources */ = {isa = PBXBuildFile; fileRef = 9184EF8626AB1C20005B4988 /* Utils.swift */; };
		9184EF8926AB1C47005B4988 /* InjectableProperty.swift in Sources */ = {isa = PBXBuildFile; fileRef = 9184EF8826AB1C47005B4988 /* InjectableProperty.swift */; };
		9184EF8B26AB1C5F005B4988 /* Extensions.swift in Sources */ = {isa = PBXBuildFile; fileRef = 9184EF8A26AB1C5F005B4988 /* Extensions.swift */; };
		9184EF8E26AB1CC8005B4988 /* DIPart.swift in Sources */ = {isa = PBXBuildFile; fileRef = 9184EF8D26AB1CC8005B4988 /* DIPart.swift */; };
		9184EF9026AB1CED005B4988 /* AnyDIPart.swift in Sources */ = {isa = PBXBuildFile; fileRef = 9184EF8F26AB1CED005B4988 /* AnyDIPart.swift */; };
		9184EF9226AB1D56005B4988 /* DIBuilder.swift in Sources */ = {isa = PBXBuildFile; fileRef = 9184EF9126AB1D56005B4988 /* DIBuilder.swift */; };
		9184EF9426AB1D8E005B4988 /* DIGroup.swift in Sources */ = {isa = PBXBuildFile; fileRef = 9184EF9326AB1D8E005B4988 /* DIGroup.swift */; };
		9184EF9626AB1DB7005B4988 /* DIObject+DIPartBuildable.swift in Sources */ = {isa = PBXBuildFile; fileRef = 9184EF9526AB1DB7005B4988 /* DIObject+DIPartBuildable.swift */; };
		9184EF9826AB1DDA005B4988 /* DIPart+DIPartBuildabl.swift in Sources */ = {isa = PBXBuildFile; fileRef = 9184EF9726AB1DDA005B4988 /* DIPart+DIPartBuildabl.swift */; };
		9184EF9B26AB1E0D005B4988 /* DIPartBuildable.swift in Sources */ = {isa = PBXBuildFile; fileRef = 9184EF9A26AB1E0D005B4988 /* DIPartBuildable.swift */; };
		9184EF9D26AB1E26005B4988 /* DIRegister.swift in Sources */ = {isa = PBXBuildFile; fileRef = 9184EF9C26AB1E26005B4988 /* DIRegister.swift */; };
		9184EF9F26AB1E58005B4988 /* DITuplePart.swift in Sources */ = {isa = PBXBuildFile; fileRef = 9184EF9E26AB1E58005B4988 /* DITuplePart.swift */; };
		9184EFA126AB1E71005B4988 /* EmptyDIPart.swift in Sources */ = {isa = PBXBuildFile; fileRef = 9184EFA026AB1E71005B4988 /* EmptyDIPart.swift */; };
		9184EFA326AB1E8A005B4988 /* Never.swift in Sources */ = {isa = PBXBuildFile; fileRef = 9184EFA226AB1E8A005B4988 /* Never.swift */; };
		9184EFA626AB2041005B4988 /* UIAssembly.swift in Sources */ = {isa = PBXBuildFile; fileRef = 9184EFA526AB2041005B4988 /* UIAssembly.swift */; };
		9184EFA926AB2CFE005B4988 /* CoreAssembly.swift in Sources */ = {isa = PBXBuildFile; fileRef = 9184EFA826AB2CFE005B4988 /* CoreAssembly.swift */; };
		918B411026A85D1F0084C6B5 /* TimesheetViewController.swift in Sources */ = {isa = PBXBuildFile; fileRef = 918B410F26A85D1F0084C6B5 /* TimesheetViewController.swift */; };
		918B411426A870250084C6B5 /* HomeViewModel.swift in Sources */ = {isa = PBXBuildFile; fileRef = 918B411326A870250084C6B5 /* HomeViewModel.swift */; };
		918BA7D526A61F6100DF5F84 /* AppDelegate.swift in Sources */ = {isa = PBXBuildFile; fileRef = 918BA7D426A61F6100DF5F84 /* AppDelegate.swift */; };
		918BA7D726A61F6100DF5F84 /* SceneDelegate.swift in Sources */ = {isa = PBXBuildFile; fileRef = 918BA7D626A61F6100DF5F84 /* SceneDelegate.swift */; };
		918BA7D926A61F6100DF5F84 /* HomeViewController.swift in Sources */ = {isa = PBXBuildFile; fileRef = 918BA7D826A61F6100DF5F84 /* HomeViewController.swift */; };
		918BA7DE26A61F8000DF5F84 /* Assets.xcassets in Resources */ = {isa = PBXBuildFile; fileRef = 918BA7DD26A61F8000DF5F84 /* Assets.xcassets */; };
		91BFE83526C3C4760006A22A /* MonthViewCell.swift in Sources */ = {isa = PBXBuildFile; fileRef = 91BFE83326C3C4760006A22A /* MonthViewCell.swift */; };
		91BFE83626C3C4760006A22A /* MonthViewCell.xib in Resources */ = {isa = PBXBuildFile; fileRef = 91BFE83426C3C4760006A22A /* MonthViewCell.xib */; };
		91BFE83926C5A3B90006A22A /* DayViewCell.swift in Sources */ = {isa = PBXBuildFile; fileRef = 91BFE83726C5A3B90006A22A /* DayViewCell.swift */; };
		91BFE83A26C5A3B90006A22A /* DayViewCell.xib in Resources */ = {isa = PBXBuildFile; fileRef = 91BFE83826C5A3B90006A22A /* DayViewCell.xib */; };
		91D37EA226AB57C800835836 /* BaseViewController.swift in Sources */ = {isa = PBXBuildFile; fileRef = 91D37EA126AB57C800835836 /* BaseViewController.swift */; };
		91D37EA426AB584B00835836 /* ICoordinator.swift in Sources */ = {isa = PBXBuildFile; fileRef = 91D37EA326AB584B00835836 /* ICoordinator.swift */; };
		91D37EA626AB688200835836 /* IBaseViewModel.swift in Sources */ = {isa = PBXBuildFile; fileRef = 91D37EA526AB688200835836 /* IBaseViewModel.swift */; };
		91D37EA826AB68A100835836 /* TimesheetViewModel.swift in Sources */ = {isa = PBXBuildFile; fileRef = 91D37EA726AB68A100835836 /* TimesheetViewModel.swift */; };
		91D37EAB26AC666100835836 /* ICommand.swift in Sources */ = {isa = PBXBuildFile; fileRef = 91D37EAA26AC666100835836 /* ICommand.swift */; };
		91E38A0426D57BF6004076C7 /* DomainAssembly.swift in Sources */ = {isa = PBXBuildFile; fileRef = 91E38A0326D57BF6004076C7 /* DomainAssembly.swift */; };
		91E9D8B126D7864F00D59D95 /* TimesheetServiceProtocol.swift in Sources */ = {isa = PBXBuildFile; fileRef = 91E9D8B026D7864F00D59D95 /* TimesheetServiceProtocol.swift */; };
		91F3636E26CCF44800E48622 /* CalendarViewModel.swift in Sources */ = {isa = PBXBuildFile; fileRef = 91F3636D26CCF44800E48622 /* CalendarViewModel.swift */; };
		91F3637126CCF48000E48622 /* DayViewModel.swift in Sources */ = {isa = PBXBuildFile; fileRef = 91F3637026CCF48000E48622 /* DayViewModel.swift */; };
		91F3637326CCF49700E48622 /* DateExtensions.swift in Sources */ = {isa = PBXBuildFile; fileRef = 91F3637226CCF49700E48622 /* DateExtensions.swift */; };
		91F3637526CCF4D300E48622 /* RangeExtensions.swift in Sources */ = {isa = PBXBuildFile; fileRef = 91F3637426CCF4D300E48622 /* RangeExtensions.swift */; };
		91F3637726CCF56000E48622 /* MonthViewModel.swift in Sources */ = {isa = PBXBuildFile; fileRef = 91F3637626CCF56000E48622 /* MonthViewModel.swift */; };
		91F3637C26CE6F4900E48622 /* CalendarView.swift in Sources */ = {isa = PBXBuildFile; fileRef = 91F3637B26CE6F4900E48622 /* CalendarView.swift */; };
		91F3637E26CE6F8C00E48622 /* CalendarView.xib in Resources */ = {isa = PBXBuildFile; fileRef = 91F3637D26CE6F8C00E48622 /* CalendarView.xib */; };
		91F3638026CE9CF800E48622 /* AssignmentView.xib in Resources */ = {isa = PBXBuildFile; fileRef = 91F3637F26CE9CF800E48622 /* AssignmentView.xib */; };
		91F3638426CFEB9100E48622 /* Day.swift in Sources */ = {isa = PBXBuildFile; fileRef = 91F3638326CFEB9100E48622 /* Day.swift */; };
		91F3638926CFEFF300E48622 /* AssignmentProtocol.swift in Sources */ = {isa = PBXBuildFile; fileRef = 91F3638826CFEFF300E48622 /* AssignmentProtocol.swift */; };
		91F3639126D3FD9300E48622 /* FactuTests.swift in Sources */ = {isa = PBXBuildFile; fileRef = 91F3639026D3FD9300E48622 /* FactuTests.swift */; };
		91F3639926D4076700E48622 /* AssignmentQueryProtocol.swift in Sources */ = {isa = PBXBuildFile; fileRef = 91F3639826D4076700E48622 /* AssignmentQueryProtocol.swift */; };
		91F3639B26D4077D00E48622 /* AssignmentProvider.swift in Sources */ = {isa = PBXBuildFile; fileRef = 91F3639A26D4077D00E48622 /* AssignmentProvider.swift */; };
		91F3639D26D407B000E48622 /* AssignmentQuery.swift in Sources */ = {isa = PBXBuildFile; fileRef = 91F3639C26D407B000E48622 /* AssignmentQuery.swift */; };
		91F3639F26D407D100E48622 /* QueryableType.swift in Sources */ = {isa = PBXBuildFile; fileRef = 91F3639E26D407D100E48622 /* QueryableType.swift */; };
		91F363A126D4230800E48622 /* TimesheetService.swift in Sources */ = {isa = PBXBuildFile; fileRef = 91F363A026D4230800E48622 /* TimesheetService.swift */; };
		91FF6E8826DFA064003E6CBE /* InvoiceViewController.swift in Sources */ = {isa = PBXBuildFile; fileRef = 91FF6E8626DFA064003E6CBE /* InvoiceViewController.swift */; };
		91FF6E8926DFA064003E6CBE /* InvoiceViewController.xib in Resources */ = {isa = PBXBuildFile; fileRef = 91FF6E8726DFA064003E6CBE /* InvoiceViewController.xib */; };
		91FF6E8B26E10067003E6CBE /* InvoiceViewModel.swift in Sources */ = {isa = PBXBuildFile; fileRef = 91FF6E8A26E10067003E6CBE /* InvoiceViewModel.swift */; };
		CEC72A59162F8DCF47E43FBF /* Pods_Factu.framework in Frameworks */ = {isa = PBXBuildFile; fileRef = 52C1D5B8EA359B9D94F168D1 /* Pods_Factu.framework */; };
/* End PBXBuildFile section */

/* Begin PBXContainerItemProxy section */
		91F3639326D3FD9300E48622 /* PBXContainerItemProxy */ = {
			isa = PBXContainerItemProxy;
			containerPortal = 918BA7C926A61F6100DF5F84 /* Project object */;
			proxyType = 1;
			remoteGlobalIDString = 918BA7D026A61F6100DF5F84;
			remoteInfo = Factu;
		};
/* End PBXContainerItemProxy section */

/* Begin PBXFileReference section */
		1541311298F461A00C0C4AB5 /* Pods-Factu.debug.xcconfig */ = {isa = PBXFileReference; includeInIndex = 1; lastKnownFileType = text.xcconfig; name = "Pods-Factu.debug.xcconfig"; path = "Target Support Files/Pods-Factu/Pods-Factu.debug.xcconfig"; sourceTree = "<group>"; };
		52C1D5B8EA359B9D94F168D1 /* Pods_Factu.framework */ = {isa = PBXFileReference; explicitFileType = wrapper.framework; includeInIndex = 0; path = Pods_Factu.framework; sourceTree = BUILT_PRODUCTS_DIR; };
		7F77E53C4C05BAEDF2547330 /* Pods-Factu.release.xcconfig */ = {isa = PBXFileReference; includeInIndex = 1; lastKnownFileType = text.xcconfig; name = "Pods-Factu.release.xcconfig"; path = "Target Support Files/Pods-Factu/Pods-Factu.release.xcconfig"; sourceTree = "<group>"; };
		9101960026A775780079A4A8 /* Launch Screen.storyboard */ = {isa = PBXFileReference; lastKnownFileType = file.storyboard; path = "Launch Screen.storyboard"; sourceTree = "<group>"; };
		910FE17F26A770E20043A099 /* HomeView.xib */ = {isa = PBXFileReference; lastKnownFileType = file.xib; path = HomeView.xib; sourceTree = "<group>"; };
		913BA80B26D6C5CB009E6C09 /* RepositoryProtocol.swift */ = {isa = PBXFileReference; lastKnownFileType = sourcecode.swift; path = RepositoryProtocol.swift; sourceTree = "<group>"; };
		913BA80D26D6C5DE009E6C09 /* Repository.swift */ = {isa = PBXFileReference; lastKnownFileType = sourcecode.swift; path = Repository.swift; sourceTree = "<group>"; };
		913BA80F26D6C6BA009E6C09 /* RepositoryAssembly.swift */ = {isa = PBXFileReference; lastKnownFileType = sourcecode.swift; path = RepositoryAssembly.swift; sourceTree = "<group>"; };
		9169FF6D26B059210024C6B4 /* ViewExtensions.swift */ = {isa = PBXFileReference; lastKnownFileType = sourcecode.swift; path = ViewExtensions.swift; sourceTree = "<group>"; };
		916BBE6D26E90DE1004629AA /* GuidGeneratorProtocol.swift */ = {isa = PBXFileReference; lastKnownFileType = sourcecode.swift; path = GuidGeneratorProtocol.swift; sourceTree = "<group>"; };
		916BBE6F26E90E24004629AA /* GuidGenerator.swift */ = {isa = PBXFileReference; lastKnownFileType = sourcecode.swift; path = GuidGenerator.swift; sourceTree = "<group>"; };
		916BBE7126E91DE4004629AA /* InvoiceServiceProtocol.swift */ = {isa = PBXFileReference; lastKnownFileType = sourcecode.swift; path = InvoiceServiceProtocol.swift; sourceTree = "<group>"; };
		916BBE7326E91E09004629AA /* InvoiceService.swift */ = {isa = PBXFileReference; lastKnownFileType = sourcecode.swift; path = InvoiceService.swift; sourceTree = "<group>"; };
		917760C026AD81F200DA200E /* TimesheetView.xib */ = {isa = PBXFileReference; fileEncoding = 4; lastKnownFileType = file.xib; path = TimesheetView.xib; sourceTree = "<group>"; };
		9184EF7426AB0722005B4988 /* Coordinator.swift */ = {isa = PBXFileReference; lastKnownFileType = sourcecode.swift; path = Coordinator.swift; sourceTree = "<group>"; };
		9184EF7726AB1AFC005B4988 /* Inject.swift */ = {isa = PBXFileReference; lastKnownFileType = sourcecode.swift; path = Inject.swift; sourceTree = "<group>"; };
		9184EF7926AB1B31005B4988 /* DIContainer.swift */ = {isa = PBXFileReference; lastKnownFileType = sourcecode.swift; path = DIContainer.swift; sourceTree = "<group>"; };
		9184EF7B26AB1B4B005B4988 /* DIObject.swift */ = {isa = PBXFileReference; lastKnownFileType = sourcecode.swift; path = DIObject.swift; sourceTree = "<group>"; };
		9184EF7D26AB1B70005B4988 /* DIComponentContext.swift */ = {isa = PBXFileReference; lastKnownFileType = sourcecode.swift; path = DIComponentContext.swift; sourceTree = "<group>"; };
		9184EF7F26AB1BA7005B4988 /* DIComponentManager.swift */ = {isa = PBXFileReference; lastKnownFileType = sourcecode.swift; path = DIComponentManager.swift; sourceTree = "<group>"; };
		9184EF8126AB1BC4005B4988 /* Resolver.swift */ = {isa = PBXFileReference; lastKnownFileType = sourcecode.swift; path = Resolver.swift; sourceTree = "<group>"; };
		9184EF8426AB1BF6005B4988 /* SwiftDI.swift */ = {isa = PBXFileReference; lastKnownFileType = sourcecode.swift; path = SwiftDI.swift; sourceTree = "<group>"; };
		9184EF8626AB1C20005B4988 /* Utils.swift */ = {isa = PBXFileReference; lastKnownFileType = sourcecode.swift; path = Utils.swift; sourceTree = "<group>"; };
		9184EF8826AB1C47005B4988 /* InjectableProperty.swift */ = {isa = PBXFileReference; lastKnownFileType = sourcecode.swift; path = InjectableProperty.swift; sourceTree = "<group>"; };
		9184EF8A26AB1C5F005B4988 /* Extensions.swift */ = {isa = PBXFileReference; lastKnownFileType = sourcecode.swift; path = Extensions.swift; sourceTree = "<group>"; };
		9184EF8D26AB1CC8005B4988 /* DIPart.swift */ = {isa = PBXFileReference; lastKnownFileType = sourcecode.swift; path = DIPart.swift; sourceTree = "<group>"; };
		9184EF8F26AB1CED005B4988 /* AnyDIPart.swift */ = {isa = PBXFileReference; lastKnownFileType = sourcecode.swift; path = AnyDIPart.swift; sourceTree = "<group>"; };
		9184EF9126AB1D56005B4988 /* DIBuilder.swift */ = {isa = PBXFileReference; lastKnownFileType = sourcecode.swift; path = DIBuilder.swift; sourceTree = "<group>"; };
		9184EF9326AB1D8E005B4988 /* DIGroup.swift */ = {isa = PBXFileReference; lastKnownFileType = sourcecode.swift; path = DIGroup.swift; sourceTree = "<group>"; };
		9184EF9526AB1DB7005B4988 /* DIObject+DIPartBuildable.swift */ = {isa = PBXFileReference; lastKnownFileType = sourcecode.swift; path = "DIObject+DIPartBuildable.swift"; sourceTree = "<group>"; };
		9184EF9726AB1DDA005B4988 /* DIPart+DIPartBuildabl.swift */ = {isa = PBXFileReference; lastKnownFileType = sourcecode.swift; path = "DIPart+DIPartBuildabl.swift"; sourceTree = "<group>"; };
		9184EF9A26AB1E0D005B4988 /* DIPartBuildable.swift */ = {isa = PBXFileReference; lastKnownFileType = sourcecode.swift; path = DIPartBuildable.swift; sourceTree = "<group>"; };
		9184EF9C26AB1E26005B4988 /* DIRegister.swift */ = {isa = PBXFileReference; lastKnownFileType = sourcecode.swift; path = DIRegister.swift; sourceTree = "<group>"; };
		9184EF9E26AB1E58005B4988 /* DITuplePart.swift */ = {isa = PBXFileReference; lastKnownFileType = sourcecode.swift; path = DITuplePart.swift; sourceTree = "<group>"; };
		9184EFA026AB1E71005B4988 /* EmptyDIPart.swift */ = {isa = PBXFileReference; lastKnownFileType = sourcecode.swift; path = EmptyDIPart.swift; sourceTree = "<group>"; };
		9184EFA226AB1E8A005B4988 /* Never.swift */ = {isa = PBXFileReference; lastKnownFileType = sourcecode.swift; path = Never.swift; sourceTree = "<group>"; };
		9184EFA526AB2041005B4988 /* UIAssembly.swift */ = {isa = PBXFileReference; lastKnownFileType = sourcecode.swift; path = UIAssembly.swift; sourceTree = "<group>"; };
		9184EFA826AB2CFE005B4988 /* CoreAssembly.swift */ = {isa = PBXFileReference; lastKnownFileType = sourcecode.swift; path = CoreAssembly.swift; sourceTree = "<group>"; };
		918B410F26A85D1F0084C6B5 /* TimesheetViewController.swift */ = {isa = PBXFileReference; lastKnownFileType = sourcecode.swift; path = TimesheetViewController.swift; sourceTree = "<group>"; };
		918B411326A870250084C6B5 /* HomeViewModel.swift */ = {isa = PBXFileReference; lastKnownFileType = sourcecode.swift; path = HomeViewModel.swift; sourceTree = "<group>"; };
		918BA7D126A61F6100DF5F84 /* Factu.app */ = {isa = PBXFileReference; explicitFileType = wrapper.application; includeInIndex = 0; path = Factu.app; sourceTree = BUILT_PRODUCTS_DIR; };
		918BA7D426A61F6100DF5F84 /* AppDelegate.swift */ = {isa = PBXFileReference; lastKnownFileType = sourcecode.swift; path = AppDelegate.swift; sourceTree = "<group>"; };
		918BA7D626A61F6100DF5F84 /* SceneDelegate.swift */ = {isa = PBXFileReference; lastKnownFileType = sourcecode.swift; path = SceneDelegate.swift; sourceTree = "<group>"; };
		918BA7D826A61F6100DF5F84 /* HomeViewController.swift */ = {isa = PBXFileReference; lastKnownFileType = sourcecode.swift; path = HomeViewController.swift; sourceTree = "<group>"; };
		918BA7DD26A61F8000DF5F84 /* Assets.xcassets */ = {isa = PBXFileReference; lastKnownFileType = folder.assetcatalog; path = Assets.xcassets; sourceTree = "<group>"; };
		918BA7E226A61F8000DF5F84 /* Info.plist */ = {isa = PBXFileReference; lastKnownFileType = text.plist.xml; path = Info.plist; sourceTree = "<group>"; };
		91BFE83326C3C4760006A22A /* MonthViewCell.swift */ = {isa = PBXFileReference; lastKnownFileType = sourcecode.swift; path = MonthViewCell.swift; sourceTree = "<group>"; };
		91BFE83426C3C4760006A22A /* MonthViewCell.xib */ = {isa = PBXFileReference; lastKnownFileType = file.xib; path = MonthViewCell.xib; sourceTree = "<group>"; };
		91BFE83726C5A3B90006A22A /* DayViewCell.swift */ = {isa = PBXFileReference; lastKnownFileType = sourcecode.swift; path = DayViewCell.swift; sourceTree = "<group>"; };
		91BFE83826C5A3B90006A22A /* DayViewCell.xib */ = {isa = PBXFileReference; lastKnownFileType = file.xib; path = DayViewCell.xib; sourceTree = "<group>"; };
		91D37EA126AB57C800835836 /* BaseViewController.swift */ = {isa = PBXFileReference; lastKnownFileType = sourcecode.swift; path = BaseViewController.swift; sourceTree = "<group>"; };
		91D37EA326AB584B00835836 /* ICoordinator.swift */ = {isa = PBXFileReference; lastKnownFileType = sourcecode.swift; path = ICoordinator.swift; sourceTree = "<group>"; };
		91D37EA526AB688200835836 /* IBaseViewModel.swift */ = {isa = PBXFileReference; lastKnownFileType = sourcecode.swift; path = IBaseViewModel.swift; sourceTree = "<group>"; };
		91D37EA726AB68A100835836 /* TimesheetViewModel.swift */ = {isa = PBXFileReference; lastKnownFileType = sourcecode.swift; path = TimesheetViewModel.swift; sourceTree = "<group>"; };
		91D37EAA26AC666100835836 /* ICommand.swift */ = {isa = PBXFileReference; lastKnownFileType = sourcecode.swift; path = ICommand.swift; sourceTree = "<group>"; };
		91E38A0326D57BF6004076C7 /* DomainAssembly.swift */ = {isa = PBXFileReference; lastKnownFileType = sourcecode.swift; path = DomainAssembly.swift; sourceTree = "<group>"; };
		91E9D8B026D7864F00D59D95 /* TimesheetServiceProtocol.swift */ = {isa = PBXFileReference; lastKnownFileType = sourcecode.swift; path = TimesheetServiceProtocol.swift; sourceTree = "<group>"; };
		91F3636D26CCF44800E48622 /* CalendarViewModel.swift */ = {isa = PBXFileReference; lastKnownFileType = sourcecode.swift; path = CalendarViewModel.swift; sourceTree = "<group>"; };
		91F3637026CCF48000E48622 /* DayViewModel.swift */ = {isa = PBXFileReference; lastKnownFileType = sourcecode.swift; path = DayViewModel.swift; sourceTree = "<group>"; };
		91F3637226CCF49700E48622 /* DateExtensions.swift */ = {isa = PBXFileReference; lastKnownFileType = sourcecode.swift; path = DateExtensions.swift; sourceTree = "<group>"; };
		91F3637426CCF4D300E48622 /* RangeExtensions.swift */ = {isa = PBXFileReference; lastKnownFileType = sourcecode.swift; path = RangeExtensions.swift; sourceTree = "<group>"; };
		91F3637626CCF56000E48622 /* MonthViewModel.swift */ = {isa = PBXFileReference; lastKnownFileType = sourcecode.swift; path = MonthViewModel.swift; sourceTree = "<group>"; };
		91F3637B26CE6F4900E48622 /* CalendarView.swift */ = {isa = PBXFileReference; lastKnownFileType = sourcecode.swift; path = CalendarView.swift; sourceTree = "<group>"; };
		91F3637D26CE6F8C00E48622 /* CalendarView.xib */ = {isa = PBXFileReference; lastKnownFileType = file.xib; path = CalendarView.xib; sourceTree = "<group>"; };
		91F3637F26CE9CF800E48622 /* AssignmentView.xib */ = {isa = PBXFileReference; lastKnownFileType = file.xib; path = AssignmentView.xib; sourceTree = "<group>"; };
		91F3638326CFEB9100E48622 /* Day.swift */ = {isa = PBXFileReference; lastKnownFileType = sourcecode.swift; path = Day.swift; sourceTree = "<group>"; };
		91F3638826CFEFF300E48622 /* AssignmentProtocol.swift */ = {isa = PBXFileReference; lastKnownFileType = sourcecode.swift; path = AssignmentProtocol.swift; sourceTree = "<group>"; };
		91F3638E26D3FD9300E48622 /* FactuTests.xctest */ = {isa = PBXFileReference; explicitFileType = wrapper.cfbundle; includeInIndex = 0; path = FactuTests.xctest; sourceTree = BUILT_PRODUCTS_DIR; };
		91F3639026D3FD9300E48622 /* FactuTests.swift */ = {isa = PBXFileReference; lastKnownFileType = sourcecode.swift; path = FactuTests.swift; sourceTree = "<group>"; };
		91F3639226D3FD9300E48622 /* Info.plist */ = {isa = PBXFileReference; lastKnownFileType = text.plist.xml; path = Info.plist; sourceTree = "<group>"; };
		91F3639826D4076700E48622 /* AssignmentQueryProtocol.swift */ = {isa = PBXFileReference; lastKnownFileType = sourcecode.swift; path = AssignmentQueryProtocol.swift; sourceTree = "<group>"; };
		91F3639A26D4077D00E48622 /* AssignmentProvider.swift */ = {isa = PBXFileReference; lastKnownFileType = sourcecode.swift; path = AssignmentProvider.swift; sourceTree = "<group>"; };
		91F3639C26D407B000E48622 /* AssignmentQuery.swift */ = {isa = PBXFileReference; lastKnownFileType = sourcecode.swift; path = AssignmentQuery.swift; sourceTree = "<group>"; };
		91F3639E26D407D100E48622 /* QueryableType.swift */ = {isa = PBXFileReference; lastKnownFileType = sourcecode.swift; path = QueryableType.swift; sourceTree = "<group>"; };
		91F363A026D4230800E48622 /* TimesheetService.swift */ = {isa = PBXFileReference; lastKnownFileType = sourcecode.swift; path = TimesheetService.swift; sourceTree = "<group>"; };
		91FF6E8626DFA064003E6CBE /* InvoiceViewController.swift */ = {isa = PBXFileReference; lastKnownFileType = sourcecode.swift; path = InvoiceViewController.swift; sourceTree = "<group>"; };
		91FF6E8726DFA064003E6CBE /* InvoiceViewController.xib */ = {isa = PBXFileReference; lastKnownFileType = file.xib; path = InvoiceViewController.xib; sourceTree = "<group>"; };
		91FF6E8A26E10067003E6CBE /* InvoiceViewModel.swift */ = {isa = PBXFileReference; lastKnownFileType = sourcecode.swift; path = InvoiceViewModel.swift; sourceTree = "<group>"; };
/* End PBXFileReference section */

/* Begin PBXFrameworksBuildPhase section */
		918BA7CE26A61F6100DF5F84 /* Frameworks */ = {
			isa = PBXFrameworksBuildPhase;
			buildActionMask = 2147483647;
			files = (
				CEC72A59162F8DCF47E43FBF /* Pods_Factu.framework in Frameworks */,
			);
			runOnlyForDeploymentPostprocessing = 0;
		};
		91F3638B26D3FD9300E48622 /* Frameworks */ = {
			isa = PBXFrameworksBuildPhase;
			buildActionMask = 2147483647;
			files = (
			);
			runOnlyForDeploymentPostprocessing = 0;
		};
/* End PBXFrameworksBuildPhase section */

/* Begin PBXGroup section */
		913BA80A26D6C5A3009E6C09 /* Repositories */ = {
			isa = PBXGroup;
			children = (
				913BA80B26D6C5CB009E6C09 /* RepositoryProtocol.swift */,
				913BA80D26D6C5DE009E6C09 /* Repository.swift */,
				913BA80F26D6C6BA009E6C09 /* RepositoryAssembly.swift */,
			);
			path = Repositories;
			sourceTree = "<group>";
		};
		9169FF6C26B0590E0024C6B4 /* Extensions */ = {
			isa = PBXGroup;
			children = (
				9169FF6D26B059210024C6B4 /* ViewExtensions.swift */,
			);
			path = Extensions;
			sourceTree = "<group>";
		};
		9184EF7326AB0709005B4988 /* Navigation */ = {
			isa = PBXGroup;
			children = (
				9184EF7426AB0722005B4988 /* Coordinator.swift */,
				91D37EA326AB584B00835836 /* ICoordinator.swift */,
			);
			path = Navigation;
			sourceTree = "<group>";
		};
		9184EF7626AB13C1005B4988 /* DependencyInjection */ = {
			isa = PBXGroup;
			children = (
				9184EF8C26AB1CB4005B4988 /* DSL */,
				9184EF8326AB1BE9005B4988 /* Utils */,
				9184EF7726AB1AFC005B4988 /* Inject.swift */,
				9184EF7926AB1B31005B4988 /* DIContainer.swift */,
				9184EF7B26AB1B4B005B4988 /* DIObject.swift */,
				9184EF7D26AB1B70005B4988 /* DIComponentContext.swift */,
				9184EF7F26AB1BA7005B4988 /* DIComponentManager.swift */,
				9184EF8126AB1BC4005B4988 /* Resolver.swift */,
				9184EF8426AB1BF6005B4988 /* SwiftDI.swift */,
			);
			path = DependencyInjection;
			sourceTree = "<group>";
		};
		9184EF8326AB1BE9005B4988 /* Utils */ = {
			isa = PBXGroup;
			children = (
				9184EF8626AB1C20005B4988 /* Utils.swift */,
				9184EF8826AB1C47005B4988 /* InjectableProperty.swift */,
				9184EF8A26AB1C5F005B4988 /* Extensions.swift */,
			);
			path = Utils;
			sourceTree = "<group>";
		};
		9184EF8C26AB1CB4005B4988 /* DSL */ = {
			isa = PBXGroup;
			children = (
				9184EF8D26AB1CC8005B4988 /* DIPart.swift */,
				9184EF8F26AB1CED005B4988 /* AnyDIPart.swift */,
				9184EF9126AB1D56005B4988 /* DIBuilder.swift */,
				9184EF9326AB1D8E005B4988 /* DIGroup.swift */,
				9184EF9526AB1DB7005B4988 /* DIObject+DIPartBuildable.swift */,
				9184EF9726AB1DDA005B4988 /* DIPart+DIPartBuildabl.swift */,
				9184EF9A26AB1E0D005B4988 /* DIPartBuildable.swift */,
				9184EF9C26AB1E26005B4988 /* DIRegister.swift */,
				9184EF9E26AB1E58005B4988 /* DITuplePart.swift */,
				9184EFA026AB1E71005B4988 /* EmptyDIPart.swift */,
				9184EFA226AB1E8A005B4988 /* Never.swift */,
			);
			path = DSL;
			sourceTree = "<group>";
		};
		9184EFA426AB2033005B4988 /* DI */ = {
			isa = PBXGroup;
			children = (
				9184EFA526AB2041005B4988 /* UIAssembly.swift */,
			);
			path = DI;
			sourceTree = "<group>";
		};
		9184EFA726AB2CF0005B4988 /* DI */ = {
			isa = PBXGroup;
			children = (
				9184EFA826AB2CFE005B4988 /* CoreAssembly.swift */,
			);
			path = DI;
			sourceTree = "<group>";
		};
		918B411226A870000084C6B5 /* Core */ = {
			isa = PBXGroup;
			children = (
				91F3637426CCF4D300E48622 /* RangeExtensions.swift */,
				91F3636F26CCF46C00E48622 /* Timesheet */,
				9184EFA726AB2CF0005B4988 /* DI */,
				918B411326A870250084C6B5 /* HomeViewModel.swift */,
				91D37EA526AB688200835836 /* IBaseViewModel.swift */,
				91FF6E8A26E10067003E6CBE /* InvoiceViewModel.swift */,
			);
			path = Core;
			sourceTree = "<group>";
		};
		918BA7C826A61F6100DF5F84 = {
			isa = PBXGroup;
			children = (
				918BA7D326A61F6100DF5F84 /* Factu */,
				91F3638F26D3FD9300E48622 /* FactuTests */,
				918BA7D226A61F6100DF5F84 /* Products */,
				A4849C5E33C1BFE1775D5B0B /* Pods */,
				D384324700EC76F3E67F12A6 /* Frameworks */,
			);
			sourceTree = "<group>";
		};
		918BA7D226A61F6100DF5F84 /* Products */ = {
			isa = PBXGroup;
			children = (
				918BA7D126A61F6100DF5F84 /* Factu.app */,
				91F3638E26D3FD9300E48622 /* FactuTests.xctest */,
			);
			name = Products;
			sourceTree = "<group>";
		};
		918BA7D326A61F6100DF5F84 /* Factu */ = {
			isa = PBXGroup;
			children = (
				91D37EA926AC664B00835836 /* Binding */,
				9184EF7626AB13C1005B4988 /* DependencyInjection */,
				913BA80A26D6C5A3009E6C09 /* Repositories */,
				91F3638226CFEB7000E48622 /* Data */,
				91F3638626CFEF3900E48622 /* Domain */,
				918B411226A870000084C6B5 /* Core */,
				918BA7E826A72A7800DF5F84 /* UI */,
			);
			path = Factu;
			sourceTree = "<group>";
		};
		918BA7E826A72A7800DF5F84 /* UI */ = {
			isa = PBXGroup;
			children = (
				91F3637826CE52AA00E48622 /* Timesheet */,
				9169FF6C26B0590E0024C6B4 /* Extensions */,
				918BA7DD26A61F8000DF5F84 /* Assets.xcassets */,
				918BA7D426A61F6100DF5F84 /* AppDelegate.swift */,
				9101960026A775780079A4A8 /* Launch Screen.storyboard */,
				918BA7D626A61F6100DF5F84 /* SceneDelegate.swift */,
				918BA7E226A61F8000DF5F84 /* Info.plist */,
				9184EFA426AB2033005B4988 /* DI */,
				9184EF7326AB0709005B4988 /* Navigation */,
				910FE17F26A770E20043A099 /* HomeView.xib */,
				918BA7D826A61F6100DF5F84 /* HomeViewController.swift */,
				91D37EA126AB57C800835836 /* BaseViewController.swift */,
				91FF6E8626DFA064003E6CBE /* InvoiceViewController.swift */,
				91FF6E8726DFA064003E6CBE /* InvoiceViewController.xib */,
			);
			path = UI;
			sourceTree = "<group>";
		};
		91D37EA926AC664B00835836 /* Binding */ = {
			isa = PBXGroup;
			children = (
				91D37EAA26AC666100835836 /* ICommand.swift */,
			);
			path = Binding;
			sourceTree = "<group>";
		};
		91E38A0226D57BE7004076C7 /* DI */ = {
			isa = PBXGroup;
			children = (
				91E38A0326D57BF6004076C7 /* DomainAssembly.swift */,
			);
			path = DI;
			sourceTree = "<group>";
		};
		91F3636F26CCF46C00E48622 /* Timesheet */ = {
			isa = PBXGroup;
			children = (
				91D37EA726AB68A100835836 /* TimesheetViewModel.swift */,
				91F3636D26CCF44800E48622 /* CalendarViewModel.swift */,
				91F3637026CCF48000E48622 /* DayViewModel.swift */,
				91F3637226CCF49700E48622 /* DateExtensions.swift */,
				91F3637626CCF56000E48622 /* MonthViewModel.swift */,
			);
			path = Timesheet;
			sourceTree = "<group>";
		};
		91F3637826CE52AA00E48622 /* Timesheet */ = {
			isa = PBXGroup;
			children = (
				917760C026AD81F200DA200E /* TimesheetView.xib */,
				918B410F26A85D1F0084C6B5 /* TimesheetViewController.swift */,
				91BFE83326C3C4760006A22A /* MonthViewCell.swift */,
				91BFE83426C3C4760006A22A /* MonthViewCell.xib */,
				91BFE83726C5A3B90006A22A /* DayViewCell.swift */,
				91BFE83826C5A3B90006A22A /* DayViewCell.xib */,
				91F3637B26CE6F4900E48622 /* CalendarView.swift */,
				91F3637D26CE6F8C00E48622 /* CalendarView.xib */,
				91F3637F26CE9CF800E48622 /* AssignmentView.xib */,
			);
			path = Timesheet;
			sourceTree = "<group>";
		};
		91F3638226CFEB7000E48622 /* Data */ = {
			isa = PBXGroup;
			children = (
				91F3638326CFEB9100E48622 /* Day.swift */,
			);
			path = Data;
			sourceTree = "<group>";
		};
		91F3638626CFEF3900E48622 /* Domain */ = {
			isa = PBXGroup;
			children = (
				91E38A0226D57BE7004076C7 /* DI */,
				91F3638726CFEF3E00E48622 /* Implentation */,
				91F3638826CFEFF300E48622 /* AssignmentProtocol.swift */,
				91F3639826D4076700E48622 /* AssignmentQueryProtocol.swift */,
				91F3639E26D407D100E48622 /* QueryableType.swift */,
				91E9D8B026D7864F00D59D95 /* TimesheetServiceProtocol.swift */,
				916BBE6D26E90DE1004629AA /* GuidGeneratorProtocol.swift */,
				916BBE7126E91DE4004629AA /* InvoiceServiceProtocol.swift */,
			);
			path = Domain;
			sourceTree = "<group>";
		};
		91F3638726CFEF3E00E48622 /* Implentation */ = {
			isa = PBXGroup;
			children = (
				91F3639A26D4077D00E48622 /* AssignmentProvider.swift */,
				91F3639C26D407B000E48622 /* AssignmentQuery.swift */,
				91F363A026D4230800E48622 /* TimesheetService.swift */,
				916BBE6F26E90E24004629AA /* GuidGenerator.swift */,
				916BBE7326E91E09004629AA /* InvoiceService.swift */,
			);
			path = Implentation;
			sourceTree = "<group>";
		};
		91F3638F26D3FD9300E48622 /* FactuTests */ = {
			isa = PBXGroup;
			children = (
				91F3639026D3FD9300E48622 /* FactuTests.swift */,
				91F3639226D3FD9300E48622 /* Info.plist */,
			);
			path = FactuTests;
			sourceTree = "<group>";
		};
		A4849C5E33C1BFE1775D5B0B /* Pods */ = {
			isa = PBXGroup;
			children = (
				1541311298F461A00C0C4AB5 /* Pods-Factu.debug.xcconfig */,
				7F77E53C4C05BAEDF2547330 /* Pods-Factu.release.xcconfig */,
			);
			path = Pods;
			sourceTree = "<group>";
		};
		D384324700EC76F3E67F12A6 /* Frameworks */ = {
			isa = PBXGroup;
			children = (
				52C1D5B8EA359B9D94F168D1 /* Pods_Factu.framework */,
			);
			name = Frameworks;
			sourceTree = "<group>";
		};
/* End PBXGroup section */

/* Begin PBXNativeTarget section */
		918BA7D026A61F6100DF5F84 /* Factu */ = {
			isa = PBXNativeTarget;
			buildConfigurationList = 918BA7E526A61F8000DF5F84 /* Build configuration list for PBXNativeTarget "Factu" */;
			buildPhases = (
				19672DF2994DDF9226517111 /* [CP] Check Pods Manifest.lock */,
				918BA7CD26A61F6100DF5F84 /* Sources */,
				918BA7CE26A61F6100DF5F84 /* Frameworks */,
				918BA7CF26A61F6100DF5F84 /* Resources */,
				3DD5E34B60CD4F159F01DDD3 /* [CP] Embed Pods Frameworks */,
			);
			buildRules = (
			);
			dependencies = (
			);
			name = Factu;
			productName = Factu;
			productReference = 918BA7D126A61F6100DF5F84 /* Factu.app */;
			productType = "com.apple.product-type.application";
		};
		91F3638D26D3FD9300E48622 /* FactuTests */ = {
			isa = PBXNativeTarget;
			buildConfigurationList = 91F3639526D3FD9300E48622 /* Build configuration list for PBXNativeTarget "FactuTests" */;
			buildPhases = (
				91F3638A26D3FD9300E48622 /* Sources */,
				91F3638B26D3FD9300E48622 /* Frameworks */,
				91F3638C26D3FD9300E48622 /* Resources */,
			);
			buildRules = (
			);
			dependencies = (
				91F3639426D3FD9300E48622 /* PBXTargetDependency */,
			);
			name = FactuTests;
			productName = FactuTests;
			productReference = 91F3638E26D3FD9300E48622 /* FactuTests.xctest */;
			productType = "com.apple.product-type.bundle.unit-test";
		};
/* End PBXNativeTarget section */

/* Begin PBXProject section */
		918BA7C926A61F6100DF5F84 /* Project object */ = {
			isa = PBXProject;
			attributes = {
				LastSwiftUpdateCheck = 1250;
				LastUpgradeCheck = 1250;
				TargetAttributes = {
					918BA7D026A61F6100DF5F84 = {
						CreatedOnToolsVersion = 12.5.1;
					};
					91F3638D26D3FD9300E48622 = {
						CreatedOnToolsVersion = 12.5.1;
						TestTargetID = 918BA7D026A61F6100DF5F84;
					};
				};
			};
			buildConfigurationList = 918BA7CC26A61F6100DF5F84 /* Build configuration list for PBXProject "Factu" */;
			compatibilityVersion = "Xcode 9.3";
			developmentRegion = en;
			hasScannedForEncodings = 0;
			knownRegions = (
				en,
				Base,
			);
			mainGroup = 918BA7C826A61F6100DF5F84;
			productRefGroup = 918BA7D226A61F6100DF5F84 /* Products */;
			projectDirPath = "";
			projectRoot = "";
			targets = (
				918BA7D026A61F6100DF5F84 /* Factu */,
				91F3638D26D3FD9300E48622 /* FactuTests */,
			);
		};
/* End PBXProject section */

/* Begin PBXResourcesBuildPhase section */
		918BA7CF26A61F6100DF5F84 /* Resources */ = {
			isa = PBXResourcesBuildPhase;
			buildActionMask = 2147483647;
			files = (
				9101960126A775780079A4A8 /* Launch Screen.storyboard in Resources */,
				91BFE83A26C5A3B90006A22A /* DayViewCell.xib in Resources */,
				917760C126AD81F200DA200E /* TimesheetView.xib in Resources */,
				918BA7DE26A61F8000DF5F84 /* Assets.xcassets in Resources */,
				91F3637E26CE6F8C00E48622 /* CalendarView.xib in Resources */,
				910FE18026A770E20043A099 /* HomeView.xib in Resources */,
				91BFE83626C3C4760006A22A /* MonthViewCell.xib in Resources */,
				91FF6E8926DFA064003E6CBE /* InvoiceViewController.xib in Resources */,
				91F3638026CE9CF800E48622 /* AssignmentView.xib in Resources */,
			);
			runOnlyForDeploymentPostprocessing = 0;
		};
		91F3638C26D3FD9300E48622 /* Resources */ = {
			isa = PBXResourcesBuildPhase;
			buildActionMask = 2147483647;
			files = (
			);
			runOnlyForDeploymentPostprocessing = 0;
		};
/* End PBXResourcesBuildPhase section */

/* Begin PBXShellScriptBuildPhase section */
		19672DF2994DDF9226517111 /* [CP] Check Pods Manifest.lock */ = {
			isa = PBXShellScriptBuildPhase;
			buildActionMask = 2147483647;
			files = (
			);
			inputFileListPaths = (
			);
			inputPaths = (
				"${PODS_PODFILE_DIR_PATH}/Podfile.lock",
				"${PODS_ROOT}/Manifest.lock",
			);
			name = "[CP] Check Pods Manifest.lock";
			outputFileListPaths = (
			);
			outputPaths = (
				"$(DERIVED_FILE_DIR)/Pods-Factu-checkManifestLockResult.txt",
			);
			runOnlyForDeploymentPostprocessing = 0;
			shellPath = /bin/sh;
			shellScript = "diff \"${PODS_PODFILE_DIR_PATH}/Podfile.lock\" \"${PODS_ROOT}/Manifest.lock\" > /dev/null\nif [ $? != 0 ] ; then\n    # print error to STDERR\n    echo \"error: The sandbox is not in sync with the Podfile.lock. Run 'pod install' or update your CocoaPods installation.\" >&2\n    exit 1\nfi\n# This output is used by Xcode 'outputs' to avoid re-running this script phase.\necho \"SUCCESS\" > \"${SCRIPT_OUTPUT_FILE_0}\"\n";
			showEnvVarsInLog = 0;
		};
		3DD5E34B60CD4F159F01DDD3 /* [CP] Embed Pods Frameworks */ = {
			isa = PBXShellScriptBuildPhase;
			buildActionMask = 2147483647;
			files = (
			);
			inputFileListPaths = (
				"${PODS_ROOT}/Target Support Files/Pods-Factu/Pods-Factu-frameworks-${CONFIGURATION}-input-files.xcfilelist",
			);
			name = "[CP] Embed Pods Frameworks";
			outputFileListPaths = (
				"${PODS_ROOT}/Target Support Files/Pods-Factu/Pods-Factu-frameworks-${CONFIGURATION}-output-files.xcfilelist",
			);
			runOnlyForDeploymentPostprocessing = 0;
			shellPath = /bin/sh;
			shellScript = "\"${PODS_ROOT}/Target Support Files/Pods-Factu/Pods-Factu-frameworks.sh\"\n";
			showEnvVarsInLog = 0;
		};
/* End PBXShellScriptBuildPhase section */

/* Begin PBXSourcesBuildPhase section */
		918BA7CD26A61F6100DF5F84 /* Sources */ = {
			isa = PBXSourcesBuildPhase;
			buildActionMask = 2147483647;
			files = (
				9184EF8526AB1BF6005B4988 /* SwiftDI.swift in Sources */,
				913BA81026D6C6BA009E6C09 /* RepositoryAssembly.swift in Sources */,
				91D37EAB26AC666100835836 /* ICommand.swift in Sources */,
				91F3637126CCF48000E48622 /* DayViewModel.swift in Sources */,
				9184EFA626AB2041005B4988 /* UIAssembly.swift in Sources */,
				9184EF7826AB1AFC005B4988 /* Inject.swift in Sources */,
				913BA80C26D6C5CB009E6C09 /* RepositoryProtocol.swift in Sources */,
				918BA7D926A61F6100DF5F84 /* HomeViewController.swift in Sources */,
				9184EF9226AB1D56005B4988 /* DIBuilder.swift in Sources */,
				91D37EA226AB57C800835836 /* BaseViewController.swift in Sources */,
				91F3638926CFEFF300E48622 /* AssignmentProtocol.swift in Sources */,
				91F3639F26D407D100E48622 /* QueryableType.swift in Sources */,
				916BBE6E26E90DE1004629AA /* GuidGeneratorProtocol.swift in Sources */,
				9184EF8726AB1C20005B4988 /* Utils.swift in Sources */,
				9169FF6E26B059210024C6B4 /* ViewExtensions.swift in Sources */,
				916BBE7026E90E24004629AA /* GuidGenerator.swift in Sources */,
				9184EF8E26AB1CC8005B4988 /* DIPart.swift in Sources */,
				91E38A0426D57BF6004076C7 /* DomainAssembly.swift in Sources */,
				918BA7D526A61F6100DF5F84 /* AppDelegate.swift in Sources */,
				91BFE83926C5A3B90006A22A /* DayViewCell.swift in Sources */,
				91F3639B26D4077D00E48622 /* AssignmentProvider.swift in Sources */,
				91F3639D26D407B000E48622 /* AssignmentQuery.swift in Sources */,
				9184EF8226AB1BC4005B4988 /* Resolver.swift in Sources */,
				91D37EA426AB584B00835836 /* ICoordinator.swift in Sources */,
				9184EF7526AB0722005B4988 /* Coordinator.swift in Sources */,
				9184EFA126AB1E71005B4988 /* EmptyDIPart.swift in Sources */,
				9184EF7C26AB1B4B005B4988 /* DIObject.swift in Sources */,
				91D37EA826AB68A100835836 /* TimesheetViewModel.swift in Sources */,
				916BBE7426E91E09004629AA /* InvoiceService.swift in Sources */,
				9184EF9426AB1D8E005B4988 /* DIGroup.swift in Sources */,
				918BA7D726A61F6100DF5F84 /* SceneDelegate.swift in Sources */,
				913BA80E26D6C5DE009E6C09 /* Repository.swift in Sources */,
				91F3637326CCF49700E48622 /* DateExtensions.swift in Sources */,
				91BFE83526C3C4760006A22A /* MonthViewCell.swift in Sources */,
				9184EFA326AB1E8A005B4988 /* Never.swift in Sources */,
				91FF6E8B26E10067003E6CBE /* InvoiceViewModel.swift in Sources */,
				916BBE7226E91DE4004629AA /* InvoiceServiceProtocol.swift in Sources */,
				9184EF9026AB1CED005B4988 /* AnyDIPart.swift in Sources */,
				9184EF9626AB1DB7005B4988 /* DIObject+DIPartBuildable.swift in Sources */,
				91F3638426CFEB9100E48622 /* Day.swift in Sources */,
				9184EF9826AB1DDA005B4988 /* DIPart+DIPartBuildabl.swift in Sources */,
				91F3639926D4076700E48622 /* AssignmentQueryProtocol.swift in Sources */,
				9184EF7A26AB1B31005B4988 /* DIContainer.swift in Sources */,
				918B411426A870250084C6B5 /* HomeViewModel.swift in Sources */,
				9184EF8B26AB1C5F005B4988 /* Extensions.swift in Sources */,
				9184EF9F26AB1E58005B4988 /* DITuplePart.swift in Sources */,
				9184EF8926AB1C47005B4988 /* InjectableProperty.swift in Sources */,
				9184EF7E26AB1B70005B4988 /* DIComponentContext.swift in Sources */,
				9184EFA926AB2CFE005B4988 /* CoreAssembly.swift in Sources */,
				91F3636E26CCF44800E48622 /* CalendarViewModel.swift in Sources */,
				91F3637526CCF4D300E48622 /* RangeExtensions.swift in Sources */,
				91E9D8B126D7864F00D59D95 /* TimesheetServiceProtocol.swift in Sources */,
				918B411026A85D1F0084C6B5 /* TimesheetViewController.swift in Sources */,
				9184EF9D26AB1E26005B4988 /* DIRegister.swift in Sources */,
				91F3637726CCF56000E48622 /* MonthViewModel.swift in Sources */,
				91FF6E8826DFA064003E6CBE /* InvoiceViewController.swift in Sources */,
				9184EF8026AB1BA7005B4988 /* DIComponentManager.swift in Sources */,
				91F363A126D4230800E48622 /* TimesheetService.swift in Sources */,
				9184EF9B26AB1E0D005B4988 /* DIPartBuildable.swift in Sources */,
				91F3637C26CE6F4900E48622 /* CalendarView.swift in Sources */,
				91D37EA626AB688200835836 /* IBaseViewModel.swift in Sources */,
			);
			runOnlyForDeploymentPostprocessing = 0;
		};
		91F3638A26D3FD9300E48622 /* Sources */ = {
			isa = PBXSourcesBuildPhase;
			buildActionMask = 2147483647;
			files = (
				91F3639126D3FD9300E48622 /* FactuTests.swift in Sources */,
			);
			runOnlyForDeploymentPostprocessing = 0;
		};
/* End PBXSourcesBuildPhase section */

/* Begin PBXTargetDependency section */
		91F3639426D3FD9300E48622 /* PBXTargetDependency */ = {
			isa = PBXTargetDependency;
			target = 918BA7D026A61F6100DF5F84 /* Factu */;
			targetProxy = 91F3639326D3FD9300E48622 /* PBXContainerItemProxy */;
		};
/* End PBXTargetDependency section */

/* Begin XCBuildConfiguration section */
		918BA7E326A61F8000DF5F84 /* Debug */ = {
			isa = XCBuildConfiguration;
			buildSettings = {
				ALWAYS_SEARCH_USER_PATHS = NO;
				CLANG_ANALYZER_NONNULL = YES;
				CLANG_ANALYZER_NUMBER_OBJECT_CONVERSION = YES_AGGRESSIVE;
				CLANG_CXX_LANGUAGE_STANDARD = "gnu++14";
				CLANG_CXX_LIBRARY = "libc++";
				CLANG_ENABLE_MODULES = YES;
				CLANG_ENABLE_OBJC_ARC = YES;
				CLANG_ENABLE_OBJC_WEAK = YES;
				CLANG_WARN_BLOCK_CAPTURE_AUTORELEASING = YES;
				CLANG_WARN_BOOL_CONVERSION = YES;
				CLANG_WARN_COMMA = YES;
				CLANG_WARN_CONSTANT_CONVERSION = YES;
				CLANG_WARN_DEPRECATED_OBJC_IMPLEMENTATIONS = YES;
				CLANG_WARN_DIRECT_OBJC_ISA_USAGE = YES_ERROR;
				CLANG_WARN_DOCUMENTATION_COMMENTS = YES;
				CLANG_WARN_EMPTY_BODY = YES;
				CLANG_WARN_ENUM_CONVERSION = YES;
				CLANG_WARN_INFINITE_RECURSION = YES;
				CLANG_WARN_INT_CONVERSION = YES;
				CLANG_WARN_NON_LITERAL_NULL_CONVERSION = YES;
				CLANG_WARN_OBJC_IMPLICIT_RETAIN_SELF = YES;
				CLANG_WARN_OBJC_LITERAL_CONVERSION = YES;
				CLANG_WARN_OBJC_ROOT_CLASS = YES_ERROR;
				CLANG_WARN_QUOTED_INCLUDE_IN_FRAMEWORK_HEADER = YES;
				CLANG_WARN_RANGE_LOOP_ANALYSIS = YES;
				CLANG_WARN_STRICT_PROTOTYPES = YES;
				CLANG_WARN_SUSPICIOUS_MOVE = YES;
				CLANG_WARN_UNGUARDED_AVAILABILITY = YES_AGGRESSIVE;
				CLANG_WARN_UNREACHABLE_CODE = YES;
				CLANG_WARN__DUPLICATE_METHOD_MATCH = YES;
				COPY_PHASE_STRIP = NO;
				DEBUG_INFORMATION_FORMAT = dwarf;
				ENABLE_STRICT_OBJC_MSGSEND = YES;
				ENABLE_TESTABILITY = YES;
				GCC_C_LANGUAGE_STANDARD = gnu11;
				GCC_DYNAMIC_NO_PIC = NO;
				GCC_NO_COMMON_BLOCKS = YES;
				GCC_OPTIMIZATION_LEVEL = 0;
				GCC_PREPROCESSOR_DEFINITIONS = (
					"DEBUG=1",
					"$(inherited)",
				);
				GCC_WARN_64_TO_32_BIT_CONVERSION = YES;
				GCC_WARN_ABOUT_RETURN_TYPE = YES_ERROR;
				GCC_WARN_UNDECLARED_SELECTOR = YES;
				GCC_WARN_UNINITIALIZED_AUTOS = YES_AGGRESSIVE;
				GCC_WARN_UNUSED_FUNCTION = YES;
				GCC_WARN_UNUSED_VARIABLE = YES;
				IPHONEOS_DEPLOYMENT_TARGET = 14.5;
				MTL_ENABLE_DEBUG_INFO = INCLUDE_SOURCE;
				MTL_FAST_MATH = YES;
				ONLY_ACTIVE_ARCH = YES;
				SDKROOT = iphoneos;
				SWIFT_ACTIVE_COMPILATION_CONDITIONS = DEBUG;
				SWIFT_OPTIMIZATION_LEVEL = "-Onone";
			};
			name = Debug;
		};
		918BA7E426A61F8000DF5F84 /* Release */ = {
			isa = XCBuildConfiguration;
			buildSettings = {
				ALWAYS_SEARCH_USER_PATHS = NO;
				CLANG_ANALYZER_NONNULL = YES;
				CLANG_ANALYZER_NUMBER_OBJECT_CONVERSION = YES_AGGRESSIVE;
				CLANG_CXX_LANGUAGE_STANDARD = "gnu++14";
				CLANG_CXX_LIBRARY = "libc++";
				CLANG_ENABLE_MODULES = YES;
				CLANG_ENABLE_OBJC_ARC = YES;
				CLANG_ENABLE_OBJC_WEAK = YES;
				CLANG_WARN_BLOCK_CAPTURE_AUTORELEASING = YES;
				CLANG_WARN_BOOL_CONVERSION = YES;
				CLANG_WARN_COMMA = YES;
				CLANG_WARN_CONSTANT_CONVERSION = YES;
				CLANG_WARN_DEPRECATED_OBJC_IMPLEMENTATIONS = YES;
				CLANG_WARN_DIRECT_OBJC_ISA_USAGE = YES_ERROR;
				CLANG_WARN_DOCUMENTATION_COMMENTS = YES;
				CLANG_WARN_EMPTY_BODY = YES;
				CLANG_WARN_ENUM_CONVERSION = YES;
				CLANG_WARN_INFINITE_RECURSION = YES;
				CLANG_WARN_INT_CONVERSION = YES;
				CLANG_WARN_NON_LITERAL_NULL_CONVERSION = YES;
				CLANG_WARN_OBJC_IMPLICIT_RETAIN_SELF = YES;
				CLANG_WARN_OBJC_LITERAL_CONVERSION = YES;
				CLANG_WARN_OBJC_ROOT_CLASS = YES_ERROR;
				CLANG_WARN_QUOTED_INCLUDE_IN_FRAMEWORK_HEADER = YES;
				CLANG_WARN_RANGE_LOOP_ANALYSIS = YES;
				CLANG_WARN_STRICT_PROTOTYPES = YES;
				CLANG_WARN_SUSPICIOUS_MOVE = YES;
				CLANG_WARN_UNGUARDED_AVAILABILITY = YES_AGGRESSIVE;
				CLANG_WARN_UNREACHABLE_CODE = YES;
				CLANG_WARN__DUPLICATE_METHOD_MATCH = YES;
				COPY_PHASE_STRIP = NO;
				DEBUG_INFORMATION_FORMAT = "dwarf-with-dsym";
				ENABLE_NS_ASSERTIONS = NO;
				ENABLE_STRICT_OBJC_MSGSEND = YES;
				GCC_C_LANGUAGE_STANDARD = gnu11;
				GCC_NO_COMMON_BLOCKS = YES;
				GCC_WARN_64_TO_32_BIT_CONVERSION = YES;
				GCC_WARN_ABOUT_RETURN_TYPE = YES_ERROR;
				GCC_WARN_UNDECLARED_SELECTOR = YES;
				GCC_WARN_UNINITIALIZED_AUTOS = YES_AGGRESSIVE;
				GCC_WARN_UNUSED_FUNCTION = YES;
				GCC_WARN_UNUSED_VARIABLE = YES;
				IPHONEOS_DEPLOYMENT_TARGET = 14.5;
				MTL_ENABLE_DEBUG_INFO = NO;
				MTL_FAST_MATH = YES;
				SDKROOT = iphoneos;
				SWIFT_COMPILATION_MODE = wholemodule;
				SWIFT_OPTIMIZATION_LEVEL = "-O";
				VALIDATE_PRODUCT = YES;
			};
			name = Release;
		};
		918BA7E626A61F8000DF5F84 /* Debug */ = {
			isa = XCBuildConfiguration;
			baseConfigurationReference = 1541311298F461A00C0C4AB5 /* Pods-Factu.debug.xcconfig */;
			buildSettings = {
				ASSETCATALOG_COMPILER_APPICON_NAME = AppIcon;
				ASSETCATALOG_COMPILER_GLOBAL_ACCENT_COLOR_NAME = AccentColor;
				CODE_SIGN_STYLE = Automatic;
				DEVELOPMENT_TEAM = YFHQZCG8L4;
				INFOPLIST_FILE = Factu/UI/Info.plist;
				LD_RUNPATH_SEARCH_PATHS = (
					"$(inherited)",
					"@executable_path/Frameworks",
				);
				PRODUCT_BUNDLE_IDENTIFIER = com.cirta.facturation;
				PRODUCT_NAME = "$(TARGET_NAME)";
				SWIFT_VERSION = 5.0;
				TARGETED_DEVICE_FAMILY = 1;
			};
			name = Debug;
		};
		918BA7E726A61F8000DF5F84 /* Release */ = {
			isa = XCBuildConfiguration;
			baseConfigurationReference = 7F77E53C4C05BAEDF2547330 /* Pods-Factu.release.xcconfig */;
			buildSettings = {
				ASSETCATALOG_COMPILER_APPICON_NAME = AppIcon;
				ASSETCATALOG_COMPILER_GLOBAL_ACCENT_COLOR_NAME = AccentColor;
				CODE_SIGN_STYLE = Automatic;
				DEVELOPMENT_TEAM = YFHQZCG8L4;
				INFOPLIST_FILE = Factu/UI/Info.plist;
				LD_RUNPATH_SEARCH_PATHS = (
					"$(inherited)",
					"@executable_path/Frameworks",
				);
				PRODUCT_BUNDLE_IDENTIFIER = com.cirta.facturation;
				PRODUCT_NAME = "$(TARGET_NAME)";
				SWIFT_VERSION = 5.0;
				TARGETED_DEVICE_FAMILY = 1;
			};
			name = Release;
		};
		91F3639626D3FD9300E48622 /* Debug */ = {
			isa = XCBuildConfiguration;
			buildSettings = {
				BUNDLE_LOADER = "$(TEST_HOST)";
				CODE_SIGN_STYLE = Automatic;
				DEVELOPMENT_TEAM = YFHQZCG8L4;
				INFOPLIST_FILE = FactuTests/Info.plist;
				LD_RUNPATH_SEARCH_PATHS = (
					"$(inherited)",
					"@executable_path/Frameworks",
					"@loader_path/Frameworks",
				);
				PRODUCT_BUNDLE_IDENTIFIER = com.beyapp.FactuTests;
				PRODUCT_NAME = "$(TARGET_NAME)";
				SWIFT_VERSION = 5.0;
				TARGETED_DEVICE_FAMILY = "1,2";
				TEST_HOST = "$(BUILT_PRODUCTS_DIR)/Factu.app/Factu";
			};
			name = Debug;
		};
		91F3639726D3FD9300E48622 /* Release */ = {
			isa = XCBuildConfiguration;
			buildSettings = {
				BUNDLE_LOADER = "$(TEST_HOST)";
				CODE_SIGN_STYLE = Automatic;
				DEVELOPMENT_TEAM = YFHQZCG8L4;
				INFOPLIST_FILE = FactuTests/Info.plist;
				LD_RUNPATH_SEARCH_PATHS = (
					"$(inherited)",
					"@executable_path/Frameworks",
					"@loader_path/Frameworks",
				);
				PRODUCT_BUNDLE_IDENTIFIER = com.beyapp.FactuTests;
				PRODUCT_NAME = "$(TARGET_NAME)";
				SWIFT_VERSION = 5.0;
				TARGETED_DEVICE_FAMILY = "1,2";
				TEST_HOST = "$(BUILT_PRODUCTS_DIR)/Factu.app/Factu";
			};
			name = Release;
		};
/* End XCBuildConfiguration section */

/* Begin XCConfigurationList section */
		918BA7CC26A61F6100DF5F84 /* Build configuration list for PBXProject "Factu" */ = {
			isa = XCConfigurationList;
			buildConfigurations = (
				918BA7E326A61F8000DF5F84 /* Debug */,
				918BA7E426A61F8000DF5F84 /* Release */,
			);
			defaultConfigurationIsVisible = 0;
			defaultConfigurationName = Release;
		};
		918BA7E526A61F8000DF5F84 /* Build configuration list for PBXNativeTarget "Factu" */ = {
			isa = XCConfigurationList;
			buildConfigurations = (
				918BA7E626A61F8000DF5F84 /* Debug */,
				918BA7E726A61F8000DF5F84 /* Release */,
			);
			defaultConfigurationIsVisible = 0;
			defaultConfigurationName = Release;
		};
		91F3639526D3FD9300E48622 /* Build configuration list for PBXNativeTarget "FactuTests" */ = {
			isa = XCConfigurationList;
			buildConfigurations = (
				91F3639626D3FD9300E48622 /* Debug */,
				91F3639726D3FD9300E48622 /* Release */,
			);
			defaultConfigurationIsVisible = 0;
			defaultConfigurationName = Release;
		};
/* End XCConfigurationList section */
	};
	rootObject = 918BA7C926A61F6100DF5F84 /* Project object */;
}
